
Microsoft Visual Studio Solution File, Format Version 12.00
# Visual Studio Version 16
VisualStudioVersion = 16.0.29806.167
MinimumVisualStudioVersion = 10.0.40219.1
Project("{FAE04EC0-301F-11D3-BF4B-00C04F79EFBC}") = "Credit Card OCR", "Credit Card OCR\Credit Card OCR.csproj", "{F3C06535-1351-4766-A891-1A41B2247E98}"
EndProject
Global
	GlobalSection(SolutionConfigurationPlatforms) = preSolution
		Debug|Any CPU = Debug|Any CPU
		Release|Any CPU = Release|Any CPU
	EndGlobalSection
	GlobalSection(ProjectConfigurationPlatforms) = postSolution
		{F3C06535-1351-4766-A891-1A41B2247E98}.Debug|Any CPU.ActiveCfg = Debug|Any CPU
		{F3C06535-1351-4766-A891-1A41B2247E98}.Debug|Any CPU.Build.0 = Debug|Any CPU
		{F3C06535-1351-4766-A891-1A41B2247E98}.Release|Any CPU.ActiveCfg = Release|Any CPU
		{F3C06535-1351-4766-A891-1A41B2247E98}.Release|Any CPU.Build.0 = Release|Any CPU
	EndGlobalSection
	GlobalSection(SolutionProperties) = preSolution
		HideSolutionNode = FALSE
	EndGlobalSection
	GlobalSection(ExtensibilityGlobals) = postSolution
		SolutionGuid = {A3E2321D-7AE2-47D0-956D-17B285AD5974}
	EndGlobalSection
EndGlobal
